
Microsoft Visual Studio Solution File, Format Version 12.00
# Visual Studio 15
VisualStudioVersion = 15.0.28307.136
MinimumVisualStudioVersion = 10.0.40219.1
Project("{8BC9CEB8-8B4A-11D0-8D11-00A0C91BC942}") = "SPL_Compiler", "SPL_Compiler\SPL_Compiler.vcxproj", "{584C3B02-567A-49EE-83F7-1A7BADFE4CB8}"
EndProject
Global
	GlobalSection(SolutionConfigurationPlatforms) = preSolution
		Debug|x64 = Debug|x64
		Debug|x86 = Debug|x86
		Release|x64 = Release|x64
		Release|x86 = Release|x86
	EndGlobalSection
	GlobalSection(ProjectConfigurationPlatforms) = postSolution
		{584C3B02-567A-49EE-83F7-1A7BADFE4CB8}.Debug|x64.ActiveCfg = Debug|x64
		{584C3B02-567A-49EE-83F7-1A7BADFE4CB8}.Debug|x64.Build.0 = Debug|x64
		{584C3B02-567A-49EE-83F7-1A7BADFE4CB8}.Debug|x86.ActiveCfg = Debug|Win32
		{584C3B02-567A-49EE-83F7-1A7BADFE4CB8}.Debug|x86.Build.0 = Debug|Win32
		{584C3B02-567A-49EE-83F7-1A7BADFE4CB8}.Release|x64.ActiveCfg = Release|x64
		{584C3B02-567A-49EE-83F7-1A7BADFE4CB8}.Release|x64.Build.0 = Release|x64
		{584C3B02-567A-49EE-83F7-1A7BADFE4CB8}.Release|x86.ActiveCfg = Release|Win32
		{584C3B02-567A-49EE-83F7-1A7BADFE4CB8}.Release|x86.Build.0 = Release|Win32
	EndGlobalSection
	GlobalSection(SolutionProperties) = preSolution
		HideSolutionNode = FALSE
	EndGlobalSection
	GlobalSection(ExtensibilityGlobals) = postSolution
		SolutionGuid = {4EED3C83-5BF7-4743-B31C-930FFAA721F3}
	EndGlobalSection
EndGlobal
